
Microsoft Visual Studio Solution File, Format Version 11.00
# Visual Studio 2010
Project("{FAE04EC0-301F-11D3-BF4B-00C04F79EFBC}") = "wordlist", "wordlist\wordlist.csproj", "{066DBAA5-5C00-415D-A861-45BB49C0ACAC}"
EndProject
Global
	GlobalSection(SolutionConfigurationPlatforms) = preSolution
		Debug|Any CPU = Debug|Any CPU
		Release|Any CPU = Release|Any CPU
	EndGlobalSection
	GlobalSection(ProjectConfigurationPlatforms) = postSolution
		{066DBAA5-5C00-415D-A861-45BB49C0ACAC}.Debug|Any CPU.ActiveCfg = Debug|Any CPU
		{066DBAA5-5C00-415D-A861-45BB49C0ACAC}.Debug|Any CPU.Build.0 = Debug|Any CPU
		{066DBAA5-5C00-415D-A861-45BB49C0ACAC}.Release|Any CPU.ActiveCfg = Release|Any CPU
		{066DBAA5-5C00-415D-A861-45BB49C0ACAC}.Release|Any CPU.Build.0 = Release|Any CPU
	EndGlobalSection
	GlobalSection(SolutionProperties) = preSolution
		HideSolutionNode = FALSE
	EndGlobalSection
EndGlobal
